
Microsoft Visual Studio Solution File, Format Version 12.00
# Visual Studio Version 17
VisualStudioVersion = 17.2.32516.85
MinimumVisualStudioVersion = 10.0.40219.1
Project("{FAE04EC0-301F-11D3-BF4B-00C04F79EFBC}") = "DbOperationsWithEFCore", "DbOperationsWithEFCore\DbOperationsWithEFCore.csproj", "{8F67B748-AA47-442D-A51D-8D189FF75CC0}"
EndProject
Global
	GlobalSection(SolutionConfigurationPlatforms) = preSolution
		Debug|Any CPU = Debug|Any CPU
		Release|Any CPU = Release|Any CPU
	EndGlobalSection
	GlobalSection(ProjectConfigurationPlatforms) = postSolution
		{8F67B748-AA47-442D-A51D-8D189FF75CC0}.Debug|Any CPU.ActiveCfg = Debug|Any CPU
		{8F67B748-AA47-442D-A51D-8D189FF75CC0}.Debug|Any CPU.Build.0 = Debug|Any CPU
		{8F67B748-AA47-442D-A51D-8D189FF75CC0}.Release|Any CPU.ActiveCfg = Release|Any CPU
		{8F67B748-AA47-442D-A51D-8D189FF75CC0}.Release|Any CPU.Build.0 = Release|Any CPU
	EndGlobalSection
	GlobalSection(SolutionProperties) = preSolution
		HideSolutionNode = FALSE
	EndGlobalSection
	GlobalSection(ExtensibilityGlobals) = postSolution
		SolutionGuid = {70B67ADD-E785-424C-9D1C-44399277A5E2}
	EndGlobalSection
EndGlobal
